
Microsoft Visual Studio Solution File, Format Version 12.00
# Visual Studio Version 17
VisualStudioVersion = 17.0.31912.275
MinimumVisualStudioVersion = 10.0.40219.1
Project("{FAE04EC0-301F-11D3-BF4B-00C04F79EFBC}") = "WcfConsoleApplicationConsumer", "WcfConsoleApplicationConsumer\WcfConsoleApplicationConsumer.csproj", "{D8E764C6-3DC0-492C-8F58-6F401E8CE115}"
EndProject
Global
	GlobalSection(SolutionConfigurationPlatforms) = preSolution
		Debug|Any CPU = Debug|Any CPU
		Release|Any CPU = Release|Any CPU
	EndGlobalSection
	GlobalSection(ProjectConfigurationPlatforms) = postSolution
		{D8E764C6-3DC0-492C-8F58-6F401E8CE115}.Debug|Any CPU.ActiveCfg = Debug|Any CPU
		{D8E764C6-3DC0-492C-8F58-6F401E8CE115}.Debug|Any CPU.Build.0 = Debug|Any CPU
		{D8E764C6-3DC0-492C-8F58-6F401E8CE115}.Release|Any CPU.ActiveCfg = Release|Any CPU
		{D8E764C6-3DC0-492C-8F58-6F401E8CE115}.Release|Any CPU.Build.0 = Release|Any CPU
	EndGlobalSection
	GlobalSection(SolutionProperties) = preSolution
		HideSolutionNode = FALSE
	EndGlobalSection
	GlobalSection(ExtensibilityGlobals) = postSolution
		SolutionGuid = {C350EA0D-AB4A-42B3-B0A8-603749E58211}
	EndGlobalSection
EndGlobal
